
Microsoft Visual Studio Solution File, Format Version 12.00
# Visual Studio Version 17
VisualStudioVersion = 17.4.33122.133
MinimumVisualStudioVersion = 10.0.40219.1
Project("{FAE04EC0-301F-11D3-BF4B-00C04F79EFBC}") = "BlazorChatNoAuth.Server", "BlazorChatNoAuth\Server\BlazorChatNoAuth.Server.csproj", "{051C0FE9-F1D8-4C40-A141-491D72402404}"
EndProject
Project("{FAE04EC0-301F-11D3-BF4B-00C04F79EFBC}") = "BlazorChatNoAuth.Client", "BlazorChatNoAuth\Client\BlazorChatNoAuth.Client.csproj", "{D57826A8-6E9C-4CCC-9DBD-E6209758CECD}"
EndProject
Project("{FAE04EC0-301F-11D3-BF4B-00C04F79EFBC}") = "BlazorChatNoAuth.Shared", "BlazorChatNoAuth\Shared\BlazorChatNoAuth.Shared.csproj", "{7AB5D896-F32A-40C7-88D7-58D664F615A8}"
EndProject
Global
	GlobalSection(SolutionConfigurationPlatforms) = preSolution
		Debug|Any CPU = Debug|Any CPU
		Release|Any CPU = Release|Any CPU
	EndGlobalSection
	GlobalSection(ProjectConfigurationPlatforms) = postSolution
		{051C0FE9-F1D8-4C40-A141-491D72402404}.Debug|Any CPU.ActiveCfg = Debug|Any CPU
		{051C0FE9-F1D8-4C40-A141-491D72402404}.Debug|Any CPU.Build.0 = Debug|Any CPU
		{051C0FE9-F1D8-4C40-A141-491D72402404}.Release|Any CPU.ActiveCfg = Release|Any CPU
		{051C0FE9-F1D8-4C40-A141-491D72402404}.Release|Any CPU.Build.0 = Release|Any CPU
		{D57826A8-6E9C-4CCC-9DBD-E6209758CECD}.Debug|Any CPU.ActiveCfg = Debug|Any CPU
		{D57826A8-6E9C-4CCC-9DBD-E6209758CECD}.Debug|Any CPU.Build.0 = Debug|Any CPU
		{D57826A8-6E9C-4CCC-9DBD-E6209758CECD}.Release|Any CPU.ActiveCfg = Release|Any CPU
		{D57826A8-6E9C-4CCC-9DBD-E6209758CECD}.Release|Any CPU.Build.0 = Release|Any CPU
		{7AB5D896-F32A-40C7-88D7-58D664F615A8}.Debug|Any CPU.ActiveCfg = Debug|Any CPU
		{7AB5D896-F32A-40C7-88D7-58D664F615A8}.Debug|Any CPU.Build.0 = Debug|Any CPU
		{7AB5D896-F32A-40C7-88D7-58D664F615A8}.Release|Any CPU.ActiveCfg = Release|Any CPU
		{7AB5D896-F32A-40C7-88D7-58D664F615A8}.Release|Any CPU.Build.0 = Release|Any CPU
	EndGlobalSection
	GlobalSection(SolutionProperties) = preSolution
		HideSolutionNode = FALSE
	EndGlobalSection
	GlobalSection(ExtensibilityGlobals) = postSolution
		SolutionGuid = {B3C099B2-180E-400C-B025-463167C9CC85}
	EndGlobalSection
EndGlobal
